// !$*UTF8*$!
{
	archiveVersion = 1;
	classes = {
	};
	objectVersion = 56;
	objects = {

/* Begin PBXBuildFile section */
		2B3A82482A5D821E0093CDC4 /* GoogleCastSDK-ios-no-bluetooth in Frameworks */ = {isa = PBXBuildFile; productRef = 2B3A82472A5D821E0093CDC4 /* GoogleCastSDK-ios-no-bluetooth */; };
		37B700E12A30A40700B40A55 /* AdvancedFramework.h in Headers */ = {isa = PBXBuildFile; fileRef = 37B700E02A30A40700B40A55 /* AdvancedFramework.h */; settings = {ATTRIBUTES = (Public, ); }; };
		37B700E82A30A43E00B40A55 /* PlayerWrapper.swift in Sources */ = {isa = PBXBuildFile; fileRef = 37B700E72A30A43E00B40A55 /* PlayerWrapper.swift */; };
		37B700EB2A30A48A00B40A55 /* BitmovinPlayer in Frameworks */ = {isa = PBXBuildFile; productRef = 37B700EA2A30A48A00B40A55 /* BitmovinPlayer */; };
		37B700EE2A30A58D00B40A55 /* BitmovinCollector in Frameworks */ = {isa = PBXBuildFile; productRef = 37B700ED2A30A58D00B40A55 /* BitmovinCollector */; };
/* End PBXBuildFile section */

/* Begin PBXCopyFilesBuildPhase section */
		A742E08F2A54033600CDCC6D /* Embed Frameworks */ = {
			isa = PBXCopyFilesBuildPhase;
			buildActionMask = 2147483647;
			dstPath = "";
			dstSubfolderSpec = 10;
			files = (
			);
			name = "Embed Frameworks";
			runOnlyForDeploymentPostprocessing = 0;
		};
/* End PBXCopyFilesBuildPhase section */

/* Begin PBXFileReference section */
		37B700DD2A30A40700B40A55 /* AdvancedFramework.framework */ = {isa = PBXFileReference; explicitFileType = wrapper.framework; includeInIndex = 0; path = AdvancedFramework.framework; sourceTree = BUILT_PRODUCTS_DIR; };
		37B700E02A30A40700B40A55 /* AdvancedFramework.h */ = {isa = PBXFileReference; lastKnownFileType = sourcecode.c.h; path = AdvancedFramework.h; sourceTree = "<group>"; };
		37B700E72A30A43E00B40A55 /* PlayerWrapper.swift */ = {isa = PBXFileReference; lastKnownFileType = sourcecode.swift; path = PlayerWrapper.swift; sourceTree = "<group>"; };
/* End PBXFileReference section */

/* Begin PBXFrameworksBuildPhase section */
		37B700DA2A30A40700B40A55 /* Frameworks */ = {
			isa = PBXFrameworksBuildPhase;
			buildActionMask = 2147483647;
			files = (
				37B700EE2A30A58D00B40A55 /* BitmovinCollector in Frameworks */,
				2B3A82482A5D821E0093CDC4 /* GoogleCastSDK-ios-no-bluetooth in Frameworks */,
				37B700EB2A30A48A00B40A55 /* BitmovinPlayer in Frameworks */,
			);
			runOnlyForDeploymentPostprocessing = 0;
		};
/* End PBXFrameworksBuildPhase section */

/* Begin PBXGroup section */
		37B700D32A30A40700B40A55 = {
			isa = PBXGroup;
			children = (
				37B700DF2A30A40700B40A55 /* AdvancedFramework */,
				37B700DE2A30A40700B40A55 /* Products */,
			);
			sourceTree = "<group>";
		};
		37B700DE2A30A40700B40A55 /* Products */ = {
			isa = PBXGroup;
			children = (
				37B700DD2A30A40700B40A55 /* AdvancedFramework.framework */,
			);
			name = Products;
			sourceTree = "<group>";
		};
		37B700DF2A30A40700B40A55 /* AdvancedFramework */ = {
			isa = PBXGroup;
			children = (
				37B700E02A30A40700B40A55 /* AdvancedFramework.h */,
				37B700E72A30A43E00B40A55 /* PlayerWrapper.swift */,
			);
			path = AdvancedFramework;
			sourceTree = "<group>";
		};
/* End PBXGroup section */

/* Begin PBXHeadersBuildPhase section */
		37B700D82A30A40700B40A55 /* Headers */ = {
			isa = PBXHeadersBuildPhase;
			buildActionMask = 2147483647;
			files = (
				37B700E12A30A40700B40A55 /* AdvancedFramework.h in Headers */,
			);
			runOnlyForDeploymentPostprocessing = 0;
		};
/* End PBXHeadersBuildPhase section */

/* Begin PBXNativeTarget section */
		37B700DC2A30A40700B40A55 /* AdvancedFramework */ = {
			isa = PBXNativeTarget;
			buildConfigurationList = 37B700E42A30A40700B40A55 /* Build configuration list for PBXNativeTarget "AdvancedFramework" */;
			buildPhases = (
				37B700D82A30A40700B40A55 /* Headers */,
				37B700D92A30A40700B40A55 /* Sources */,
				37B700DA2A30A40700B40A55 /* Frameworks */,
				37B700DB2A30A40700B40A55 /* Resources */,
				A742E08F2A54033600CDCC6D /* Embed Frameworks */,
			);
			buildRules = (
			);
			dependencies = (
			);
			name = AdvancedFramework;
			packageProductDependencies = (
				37B700EA2A30A48A00B40A55 /* BitmovinPlayer */,
				37B700ED2A30A58D00B40A55 /* BitmovinCollector */,
				2B3A82472A5D821E0093CDC4 /* GoogleCastSDK-ios-no-bluetooth */,
			);
			productName = AdvancedFramework;
			productReference = 37B700DD2A30A40700B40A55 /* AdvancedFramework.framework */;
			productType = "com.apple.product-type.framework";
		};
/* End PBXNativeTarget section */

/* Begin PBXProject section */
		37B700D42A30A40700B40A55 /* Project object */ = {
			isa = PBXProject;
			attributes = {
				BuildIndependentTargetsInParallel = 1;
				LastUpgradeCheck = 1430;
				TargetAttributes = {
					37B700DC2A30A40700B40A55 = {
						CreatedOnToolsVersion = 14.3;
						LastSwiftMigration = 1430;
					};
				};
			};
			buildConfigurationList = 37B700D72A30A40700B40A55 /* Build configuration list for PBXProject "AdvancedFramework" */;
			compatibilityVersion = "Xcode 14.0";
			developmentRegion = en;
			hasScannedForEncodings = 0;
			knownRegions = (
				en,
				Base,
			);
			mainGroup = 37B700D32A30A40700B40A55;
			packageReferences = (
				37B700E92A30A48A00B40A55 /* XCRemoteSwiftPackageReference "player-ios" */,
				37B700EC2A30A58D00B40A55 /* XCRemoteSwiftPackageReference "bitmovin-analytics-collector-ios" */,
				2B3A82462A5D821E0093CDC4 /* XCRemoteSwiftPackageReference "GoogleCastSDK-ios-no-bluetooth" */,
			);
			productRefGroup = 37B700DE2A30A40700B40A55 /* Products */;
			projectDirPath = "";
			projectRoot = "";
			targets = (
				37B700DC2A30A40700B40A55 /* AdvancedFramework */,
			);
		};
/* End PBXProject section */

/* Begin PBXResourcesBuildPhase section */
		37B700DB2A30A40700B40A55 /* Resources */ = {
			isa = PBXResourcesBuildPhase;
			buildActionMask = 2147483647;
			files = (
			);
			runOnlyForDeploymentPostprocessing = 0;
		};
/* End PBXResourcesBuildPhase section */

/* Begin PBXSourcesBuildPhase section */
		37B700D92A30A40700B40A55 /* Sources */ = {
			isa = PBXSourcesBuildPhase;
			buildActionMask = 2147483647;
			files = (
				37B700E82A30A43E00B40A55 /* PlayerWrapper.swift in Sources */,
			);
			runOnlyForDeploymentPostprocessing = 0;
		};
/* End PBXSourcesBuildPhase section */

/* Begin XCBuildConfiguration section */
		37B700E22A30A40700B40A55 /* Debug */ = {
			isa = XCBuildConfiguration;
			buildSettings = {
				ALWAYS_SEARCH_USER_PATHS = NO;
				BUILD_LIBRARY_FOR_DISTRIBUTION = YES;
				CLANG_ANALYZER_NONNULL = YES;
				CLANG_ANALYZER_NUMBER_OBJECT_CONVERSION = YES_AGGRESSIVE;
				CLANG_CXX_LANGUAGE_STANDARD = "gnu++20";
				CLANG_ENABLE_MODULES = YES;
				CLANG_ENABLE_OBJC_ARC = YES;
				CLANG_ENABLE_OBJC_WEAK = YES;
				CLANG_WARN_BLOCK_CAPTURE_AUTORELEASING = YES;
				CLANG_WARN_BOOL_CONVERSION = YES;
				CLANG_WARN_COMMA = YES;
				CLANG_WARN_CONSTANT_CONVERSION = YES;
				CLANG_WARN_DEPRECATED_OBJC_IMPLEMENTATIONS = YES;
				CLANG_WARN_DIRECT_OBJC_ISA_USAGE = YES_ERROR;
				CLANG_WARN_DOCUMENTATION_COMMENTS = YES;
				CLANG_WARN_EMPTY_BODY = YES;
				CLANG_WARN_ENUM_CONVERSION = YES;
				CLANG_WARN_INFINITE_RECURSION = YES;
				CLANG_WARN_INT_CONVERSION = YES;
				CLANG_WARN_NON_LITERAL_NULL_CONVERSION = YES;
				CLANG_WARN_OBJC_IMPLICIT_RETAIN_SELF = YES;
				CLANG_WARN_OBJC_LITERAL_CONVERSION = YES;
				CLANG_WARN_OBJC_ROOT_CLASS = YES_ERROR;
				CLANG_WARN_QUOTED_INCLUDE_IN_FRAMEWORK_HEADER = YES;
				CLANG_WARN_RANGE_LOOP_ANALYSIS = YES;
				CLANG_WARN_STRICT_PROTOTYPES = YES;
				CLANG_WARN_SUSPICIOUS_MOVE = YES;
				CLANG_WARN_UNGUARDED_AVAILABILITY = YES_AGGRESSIVE;
				CLANG_WARN_UNREACHABLE_CODE = YES;
				CLANG_WARN__DUPLICATE_METHOD_MATCH = YES;
				COPY_PHASE_STRIP = NO;
				CURRENT_PROJECT_VERSION = 1;
				DEBUG_INFORMATION_FORMAT = dwarf;
				ENABLE_STRICT_OBJC_MSGSEND = YES;
				ENABLE_TESTABILITY = YES;
				GCC_C_LANGUAGE_STANDARD = gnu11;
				GCC_DYNAMIC_NO_PIC = NO;
				GCC_NO_COMMON_BLOCKS = YES;
				GCC_OPTIMIZATION_LEVEL = 0;
				GCC_PREPROCESSOR_DEFINITIONS = (
					"DEBUG=1",
					"$(inherited)",
				);
				GCC_WARN_64_TO_32_BIT_CONVERSION = YES;
				GCC_WARN_ABOUT_RETURN_TYPE = YES_ERROR;
				GCC_WARN_UNDECLARED_SELECTOR = YES;
				GCC_WARN_UNINITIALIZED_AUTOS = YES_AGGRESSIVE;
				GCC_WARN_UNUSED_FUNCTION = YES;
				GCC_WARN_UNUSED_VARIABLE = YES;
				MTL_ENABLE_DEBUG_INFO = INCLUDE_SOURCE;
				MTL_FAST_MATH = YES;
				ONLY_ACTIVE_ARCH = YES;
				SWIFT_ACTIVE_COMPILATION_CONDITIONS = DEBUG;
				SWIFT_OPTIMIZATION_LEVEL = "-Onone";
				VERSIONING_SYSTEM = "apple-generic";
				VERSION_INFO_PREFIX = "";
			};
			name = Debug;
		};
		37B700E32A30A40700B40A55 /* Release */ = {
			isa = XCBuildConfiguration;
			buildSettings = {
				ALWAYS_SEARCH_USER_PATHS = NO;
				BUILD_LIBRARY_FOR_DISTRIBUTION = YES;
				CLANG_ANALYZER_NONNULL = YES;
				CLANG_ANALYZER_NUMBER_OBJECT_CONVERSION = YES_AGGRESSIVE;
				CLANG_CXX_LANGUAGE_STANDARD = "gnu++20";
				CLANG_ENABLE_MODULES = YES;
				CLANG_ENABLE_OBJC_ARC = YES;
				CLANG_ENABLE_OBJC_WEAK = YES;
				CLANG_WARN_BLOCK_CAPTURE_AUTORELEASING = YES;
				CLANG_WARN_BOOL_CONVERSION = YES;
				CLANG_WARN_COMMA = YES;
				CLANG_WARN_CONSTANT_CONVERSION = YES;
				CLANG_WARN_DEPRECATED_OBJC_IMPLEMENTATIONS = YES;
				CLANG_WARN_DIRECT_OBJC_ISA_USAGE = YES_ERROR;
				CLANG_WARN_DOCUMENTATION_COMMENTS = YES;
				CLANG_WARN_EMPTY_BODY = YES;
				CLANG_WARN_ENUM_CONVERSION = YES;
				CLANG_WARN_INFINITE_RECURSION = YES;
				CLANG_WARN_INT_CONVERSION = YES;
				CLANG_WARN_NON_LITERAL_NULL_CONVERSION = YES;
				CLANG_WARN_OBJC_IMPLICIT_RETAIN_SELF = YES;
				CLANG_WARN_OBJC_LITERAL_CONVERSION = YES;
				CLANG_WARN_OBJC_ROOT_CLASS = YES_ERROR;
				CLANG_WARN_QUOTED_INCLUDE_IN_FRAMEWORK_HEADER = YES;
				CLANG_WARN_RANGE_LOOP_ANALYSIS = YES;
				CLANG_WARN_STRICT_PROTOTYPES = YES;
				CLANG_WARN_SUSPICIOUS_MOVE = YES;
				CLANG_WARN_UNGUARDED_AVAILABILITY = YES_AGGRESSIVE;
				CLANG_WARN_UNREACHABLE_CODE = YES;
				CLANG_WARN__DUPLICATE_METHOD_MATCH = YES;
				COPY_PHASE_STRIP = NO;
				CURRENT_PROJECT_VERSION = 1;
				DEBUG_INFORMATION_FORMAT = "dwarf-with-dsym";
				ENABLE_NS_ASSERTIONS = NO;
				ENABLE_STRICT_OBJC_MSGSEND = YES;
				GCC_C_LANGUAGE_STANDARD = gnu11;
				GCC_NO_COMMON_BLOCKS = YES;
				GCC_WARN_64_TO_32_BIT_CONVERSION = YES;
				GCC_WARN_ABOUT_RETURN_TYPE = YES_ERROR;
				GCC_WARN_UNDECLARED_SELECTOR = YES;
				GCC_WARN_UNINITIALIZED_AUTOS = YES_AGGRESSIVE;
				GCC_WARN_UNUSED_FUNCTION = YES;
				GCC_WARN_UNUSED_VARIABLE = YES;
				MTL_ENABLE_DEBUG_INFO = NO;
				MTL_FAST_MATH = YES;
				SWIFT_COMPILATION_MODE = wholemodule;
				SWIFT_OPTIMIZATION_LEVEL = "-O";
				VERSIONING_SYSTEM = "apple-generic";
				VERSION_INFO_PREFIX = "";
			};
			name = Release;
		};
		37B700E52A30A40700B40A55 /* Debug */ = {
			isa = XCBuildConfiguration;
			buildSettings = {
				CLANG_ENABLE_MODULES = YES;
				CODE_SIGN_STYLE = Automatic;
				CURRENT_PROJECT_VERSION = 1;
				DEFINES_MODULE = YES;
				DEVELOPMENT_TEAM = "";
				DYLIB_COMPATIBILITY_VERSION = 1;
				DYLIB_CURRENT_VERSION = 1;
				DYLIB_INSTALL_NAME_BASE = "@rpath";
				ENABLE_MODULE_VERIFIER = YES;
				GENERATE_INFOPLIST_FILE = YES;
				INFOPLIST_KEY_NSHumanReadableCopyright = "";
				INSTALL_PATH = "$(LOCAL_LIBRARY_DIR)/Frameworks";
				IPHONEOS_DEPLOYMENT_TARGET = 14.0;
				LD_RUNPATH_SEARCH_PATHS = (
					"@executable_path/Frameworks",
					"@loader_path/Frameworks",
				);
				"LD_RUNPATH_SEARCH_PATHS[sdk=macosx*]" = (
					"@executable_path/../Frameworks",
					"@loader_path/Frameworks",
				);
				MACOSX_DEPLOYMENT_TARGET = 13.3;
				MARKETING_VERSION = 1.0;
				MODULE_VERIFIER_SUPPORTED_LANGUAGES = "objective-c objective-c++";
				MODULE_VERIFIER_SUPPORTED_LANGUAGE_STANDARDS = "gnu11 gnu++20";
				PRODUCT_BUNDLE_IDENTIFIER = com.bitmovin.AdvancedFramework;
				PRODUCT_NAME = "$(TARGET_NAME:c99extidentifier)";
				SDKROOT = auto;
				SKIP_INSTALL = YES;
				SUPPORTED_PLATFORMS = "appletvos appletvsimulator iphoneos iphonesimulator";
				SUPPORTS_MACCATALYST = NO;
				SUPPORTS_MAC_DESIGNED_FOR_IPHONE_IPAD = NO;
				SWIFT_EMIT_LOC_STRINGS = YES;
				SWIFT_OPTIMIZATION_LEVEL = "-Onone";
				SWIFT_VERSION = 5.0;
				TARGETED_DEVICE_FAMILY = "1,2,3";
				TVOS_DEPLOYMENT_TARGET = 14.0;
			};
			name = Debug;
		};
		37B700E62A30A40700B40A55 /* Release */ = {
			isa = XCBuildConfiguration;
			buildSettings = {
				CLANG_ENABLE_MODULES = YES;
				CODE_SIGN_IDENTITY = "Apple Development";
				CODE_SIGN_STYLE = Automatic;
				CURRENT_PROJECT_VERSION = 1;
				DEFINES_MODULE = YES;
				DEVELOPMENT_TEAM = 942275CR6V;
				DYLIB_COMPATIBILITY_VERSION = 1;
				DYLIB_CURRENT_VERSION = 1;
				DYLIB_INSTALL_NAME_BASE = "@rpath";
				ENABLE_MODULE_VERIFIER = YES;
				GENERATE_INFOPLIST_FILE = YES;
				INFOPLIST_KEY_NSHumanReadableCopyright = "";
				INSTALL_PATH = "$(LOCAL_LIBRARY_DIR)/Frameworks";
				IPHONEOS_DEPLOYMENT_TARGET = 14.0;
				LD_RUNPATH_SEARCH_PATHS = (
					"@executable_path/Frameworks",
					"@loader_path/Frameworks",
				);
				"LD_RUNPATH_SEARCH_PATHS[sdk=macosx*]" = (
					"@executable_path/../Frameworks",
					"@loader_path/Frameworks",
				);
				MACOSX_DEPLOYMENT_TARGET = 13.3;
				MARKETING_VERSION = 1.0;
				MODULE_VERIFIER_SUPPORTED_LANGUAGES = "objective-c objective-c++";
				MODULE_VERIFIER_SUPPORTED_LANGUAGE_STANDARDS = "gnu11 gnu++20";
				PRODUCT_BUNDLE_IDENTIFIER = com.bitmovin.AdvancedFramework;
				PRODUCT_NAME = "$(TARGET_NAME:c99extidentifier)";
				SDKROOT = auto;
				SKIP_INSTALL = YES;
				SUPPORTED_PLATFORMS = "appletvos appletvsimulator iphoneos iphonesimulator";
				SUPPORTS_MACCATALYST = NO;
				SUPPORTS_MAC_DESIGNED_FOR_IPHONE_IPAD = NO;
				SWIFT_EMIT_LOC_STRINGS = YES;
				SWIFT_VERSION = 5.0;
				TARGETED_DEVICE_FAMILY = "1,2,3";
				TVOS_DEPLOYMENT_TARGET = 14.0;
			};
			name = Release;
		};
/* End XCBuildConfiguration section */

/* Begin XCConfigurationList section */
		37B700D72A30A40700B40A55 /* Build configuration list for PBXProject "AdvancedFramework" */ = {
			isa = XCConfigurationList;
			buildConfigurations = (
				37B700E22A30A40700B40A55 /* Debug */,
				37B700E32A30A40700B40A55 /* Release */,
			);
			defaultConfigurationIsVisible = 0;
			defaultConfigurationName = Release;
		};
		37B700E42A30A40700B40A55 /* Build configuration list for PBXNativeTarget "AdvancedFramework" */ = {
			isa = XCConfigurationList;
			buildConfigurations = (
				37B700E52A30A40700B40A55 /* Debug */,
				37B700E62A30A40700B40A55 /* Release */,
			);
			defaultConfigurationIsVisible = 0;
			defaultConfigurationName = Release;
		};
/* End XCConfigurationList section */

/* Begin XCRemoteSwiftPackageReference section */
		2B3A82462A5D821E0093CDC4 /* XCRemoteSwiftPackageReference "GoogleCastSDK-ios-no-bluetooth" */ = {
			isa = XCRemoteSwiftPackageReference;
			repositoryURL = "https://github.com/SRGSSR/GoogleCastSDK-ios-no-bluetooth.git";
			requirement = {
				kind = upToNextMajorVersion;
				minimumVersion = "4.7.1-beta.1";
			};
		};
		37B700E92A30A48A00B40A55 /* XCRemoteSwiftPackageReference "player-ios" */ = {
			isa = XCRemoteSwiftPackageReference;
			repositoryURL = "https://github.com/bitmovin/player-ios";
			requirement = {
				kind = exactVersion;
				version = 3.40.0;
			};
		};
		37B700EC2A30A58D00B40A55 /* XCRemoteSwiftPackageReference "bitmovin-analytics-collector-ios" */ = {
			isa = XCRemoteSwiftPackageReference;
			repositoryURL = "https://github.com/bitmovin/bitmovin-analytics-collector-ios";
			requirement = {
				kind = exactVersion;
				version = "3.0.0-a.1";
			};
		};
/* End XCRemoteSwiftPackageReference section */

/* Begin XCSwiftPackageProductDependency section */
		2B3A82472A5D821E0093CDC4 /* GoogleCastSDK-ios-no-bluetooth */ = {
			isa = XCSwiftPackageProductDependency;
			package = 2B3A82462A5D821E0093CDC4 /* XCRemoteSwiftPackageReference "GoogleCastSDK-ios-no-bluetooth" */;
			productName = "GoogleCastSDK-ios-no-bluetooth";
		};
		37B700EA2A30A48A00B40A55 /* BitmovinPlayer */ = {
			isa = XCSwiftPackageProductDependency;
			package = 37B700E92A30A48A00B40A55 /* XCRemoteSwiftPackageReference "player-ios" */;
			productName = BitmovinPlayer;
		};
		37B700ED2A30A58D00B40A55 /* BitmovinCollector */ = {
			isa = XCSwiftPackageProductDependency;
			package = 37B700EC2A30A58D00B40A55 /* XCRemoteSwiftPackageReference "bitmovin-analytics-collector-ios" */;
			productName = BitmovinCollector;
		};
/* End XCSwiftPackageProductDependency section */
	};
	rootObject = 37B700D42A30A40700B40A55 /* Project object */;
}
